
Microsoft Visual Studio Solution File, Format Version 12.00
# Visual Studio 15
VisualStudioVersion = 15.0.28010.2050
MinimumVisualStudioVersion = 10.0.40219.1
Project("{9A19103F-16F7-4668-BE54-9A1E7A4F7556}") = "HttUnicorn", "HttUnicorn\HttUnicorn.csproj", "{AA244024-A140-4BC1-A309-DFCF43C09E79}"
EndProject
Project("{9A19103F-16F7-4668-BE54-9A1E7A4F7556}") = "HttUnicorn.Tests", "..\..\Tests\HttUnicorn.Tests\HttUnicorn.Tests.csproj", "{5C7E12AF-5E21-41A9-B4A0-DA41FFF56500}"
EndProject
Global
	GlobalSection(SolutionConfigurationPlatforms) = preSolution
		Debug|Any CPU = Debug|Any CPU
		Release|Any CPU = Release|Any CPU
	EndGlobalSection
	GlobalSection(ProjectConfigurationPlatforms) = postSolution
		{AA244024-A140-4BC1-A309-DFCF43C09E79}.Debug|Any CPU.ActiveCfg = Debug|Any CPU
		{AA244024-A140-4BC1-A309-DFCF43C09E79}.Debug|Any CPU.Build.0 = Debug|Any CPU
		{AA244024-A140-4BC1-A309-DFCF43C09E79}.Release|Any CPU.ActiveCfg = Release|Any CPU
		{AA244024-A140-4BC1-A309-DFCF43C09E79}.Release|Any CPU.Build.0 = Release|Any CPU
		{5C7E12AF-5E21-41A9-B4A0-DA41FFF56500}.Debug|Any CPU.ActiveCfg = Debug|Any CPU
		{5C7E12AF-5E21-41A9-B4A0-DA41FFF56500}.Debug|Any CPU.Build.0 = Debug|Any CPU
		{5C7E12AF-5E21-41A9-B4A0-DA41FFF56500}.Release|Any CPU.ActiveCfg = Release|Any CPU
		{5C7E12AF-5E21-41A9-B4A0-DA41FFF56500}.Release|Any CPU.Build.0 = Release|Any CPU
	EndGlobalSection
	GlobalSection(SolutionProperties) = preSolution
		HideSolutionNode = FALSE
	EndGlobalSection
	GlobalSection(ExtensibilityGlobals) = postSolution
		SolutionGuid = {BC574881-3B44-41FD-B2E9-535A0E75E09E}
	EndGlobalSection
EndGlobal
